
Microsoft Visual Studio Solution File, Format Version 12.00
# Visual Studio Version 16
VisualStudioVersion = 16.0.29215.179
MinimumVisualStudioVersion = 10.0.40219.1
Project("{FAE04EC0-301F-11D3-BF4B-00C04F79EFBC}") = "Senai.ManualPecas.WebApi", "Senai.ManualPecas.WebApi.csproj", "{1D233DDF-7E9B-499F-96E1-8976B463A7BE}"
EndProject
Global
	GlobalSection(SolutionConfigurationPlatforms) = preSolution
		Debug|Any CPU = Debug|Any CPU
		Release|Any CPU = Release|Any CPU
	EndGlobalSection
	GlobalSection(ProjectConfigurationPlatforms) = postSolution
		{1D233DDF-7E9B-499F-96E1-8976B463A7BE}.Debug|Any CPU.ActiveCfg = Debug|Any CPU
		{1D233DDF-7E9B-499F-96E1-8976B463A7BE}.Debug|Any CPU.Build.0 = Debug|Any CPU
		{1D233DDF-7E9B-499F-96E1-8976B463A7BE}.Release|Any CPU.ActiveCfg = Release|Any CPU
		{1D233DDF-7E9B-499F-96E1-8976B463A7BE}.Release|Any CPU.Build.0 = Release|Any CPU
	EndGlobalSection
	GlobalSection(SolutionProperties) = preSolution
		HideSolutionNode = FALSE
	EndGlobalSection
	GlobalSection(ExtensibilityGlobals) = postSolution
		SolutionGuid = {72778864-7DE8-4992-A38C-EE890D26B884}
	EndGlobalSection
EndGlobal
