
Microsoft Visual Studio Solution File, Format Version 12.00
# Visual Studio 15
VisualStudioVersion = 15.0.28307.757
MinimumVisualStudioVersion = 10.0.40219.1
Project("{FAE04EC0-301F-11D3-BF4B-00C04F79EFBC}") = "Senai.Sstop.WebApi", "Senai.Sstop.WebApi\Senai.Sstop.WebApi.csproj", "{91070C14-7715-4964-84B6-018D47BF2DF2}"
EndProject
Global
	GlobalSection(SolutionConfigurationPlatforms) = preSolution
		Debug|Any CPU = Debug|Any CPU
		Release|Any CPU = Release|Any CPU
	EndGlobalSection
	GlobalSection(ProjectConfigurationPlatforms) = postSolution
		{91070C14-7715-4964-84B6-018D47BF2DF2}.Debug|Any CPU.ActiveCfg = Debug|Any CPU
		{91070C14-7715-4964-84B6-018D47BF2DF2}.Debug|Any CPU.Build.0 = Debug|Any CPU
		{91070C14-7715-4964-84B6-018D47BF2DF2}.Release|Any CPU.ActiveCfg = Release|Any CPU
		{91070C14-7715-4964-84B6-018D47BF2DF2}.Release|Any CPU.Build.0 = Release|Any CPU
	EndGlobalSection
	GlobalSection(SolutionProperties) = preSolution
		HideSolutionNode = FALSE
	EndGlobalSection
	GlobalSection(ExtensibilityGlobals) = postSolution
		SolutionGuid = {4780D78F-200C-4291-9BA3-52B5D9CCCF19}
	EndGlobalSection
EndGlobal
