
Microsoft Visual Studio Solution File, Format Version 12.00
# Visual Studio 15
VisualStudioVersion = 15.0.28307.757
MinimumVisualStudioVersion = 10.0.40219.1
Project("{FAE04EC0-301F-11D3-BF4B-00C04F79EFBC}") = "Senai.AutoPecas.WebApi", "Senai.AutoPecas.WebApi\Senai.AutoPecas.WebApi.csproj", "{0CB58403-25FB-4A44-B476-08E4A881B0A8}"
EndProject
Global
	GlobalSection(SolutionConfigurationPlatforms) = preSolution
		Debug|Any CPU = Debug|Any CPU
		Release|Any CPU = Release|Any CPU
	EndGlobalSection
	GlobalSection(ProjectConfigurationPlatforms) = postSolution
		{0CB58403-25FB-4A44-B476-08E4A881B0A8}.Debug|Any CPU.ActiveCfg = Debug|Any CPU
		{0CB58403-25FB-4A44-B476-08E4A881B0A8}.Debug|Any CPU.Build.0 = Debug|Any CPU
		{0CB58403-25FB-4A44-B476-08E4A881B0A8}.Release|Any CPU.ActiveCfg = Release|Any CPU
		{0CB58403-25FB-4A44-B476-08E4A881B0A8}.Release|Any CPU.Build.0 = Release|Any CPU
	EndGlobalSection
	GlobalSection(SolutionProperties) = preSolution
		HideSolutionNode = FALSE
	EndGlobalSection
	GlobalSection(ExtensibilityGlobals) = postSolution
		SolutionGuid = {A6DA68D2-2B52-412D-9274-EB6F1C9C3C77}
	EndGlobalSection
EndGlobal
